// !$*UTF8*$!
{
	archiveVersion = 1;
	classes = {
	};
	objectVersion = 46;
	objects = {

/* Begin PBXBuildFile section */
		7EF7BEE81D41FBFA00644C71 /* main.m in Sources */ = {isa = PBXBuildFile; fileRef = 7EF7BEE71D41FBFA00644C71 /* main.m */; };
		7EF7BEEB1D41FBFA00644C71 /* AppDelegate.m in Sources */ = {isa = PBXBuildFile; fileRef = 7EF7BEEA1D41FBFA00644C71 /* AppDelegate.m */; };
		7EF7BEEE1D41FBFA00644C71 /* ViewController.m in Sources */ = {isa = PBXBuildFile; fileRef = 7EF7BEED1D41FBFA00644C71 /* ViewController.m */; };
		7EF7BEF11D41FBFA00644C71 /* Main.storyboard in Resources */ = {isa = PBXBuildFile; fileRef = 7EF7BEEF1D41FBFA00644C71 /* Main.storyboard */; };
		7EF7BEF31D41FBFA00644C71 /* Assets.xcassets in Resources */ = {isa = PBXBuildFile; fileRef = 7EF7BEF21D41FBFA00644C71 /* Assets.xcassets */; };
		7EF7BEF61D41FBFA00644C71 /* LaunchScreen.storyboard in Resources */ = {isa = PBXBuildFile; fileRef = 7EF7BEF41D41FBFA00644C71 /* LaunchScreen.storyboard */; };
		7EF7BF011D41FBFA00644C71 /* _8_____Tests.m in Sources */ = {isa = PBXBuildFile; fileRef = 7EF7BF001D41FBFA00644C71 /* _8_____Tests.m */; };
		7EF7BF0C1D41FBFA00644C71 /* _8_____UITests.m in Sources */ = {isa = PBXBuildFile; fileRef = 7EF7BF0B1D41FBFA00644C71 /* _8_____UITests.m */; };
		7EF7BF1A1D42075A00644C71 /* flags.plist in Resources */ = {isa = PBXBuildFile; fileRef = 7EF7BF191D42075A00644C71 /* flags.plist */; };
		7EF7BF1D1D420B7700644C71 /* FlagModel.m in Sources */ = {isa = PBXBuildFile; fileRef = 7EF7BF1C1D420B7700644C71 /* FlagModel.m */; };
		7EF7BF1F1D42150100644C71 /* FlagView.xib in Resources */ = {isa = PBXBuildFile; fileRef = 7EF7BF1E1D42150100644C71 /* FlagView.xib */; };
		7EF7BF221D42163200644C71 /* FlagView.m in Sources */ = {isa = PBXBuildFile; fileRef = 7EF7BF211D42163200644C71 /* FlagView.m */; };
/* End PBXBuildFile section */

/* Begin PBXContainerItemProxy section */
		7EF7BEFD1D41FBFA00644C71 /* PBXContainerItemProxy */ = {
			isa = PBXContainerItemProxy;
			containerPortal = 7EF7BEDB1D41FBFA00644C71 /* Project object */;
			proxyType = 1;
			remoteGlobalIDString = 7EF7BEE21D41FBFA00644C71;
			remoteInfo = "28-国旗选择";
		};
		7EF7BF081D41FBFA00644C71 /* PBXContainerItemProxy */ = {
			isa = PBXContainerItemProxy;
			containerPortal = 7EF7BEDB1D41FBFA00644C71 /* Project object */;
			proxyType = 1;
			remoteGlobalIDString = 7EF7BEE21D41FBFA00644C71;
			remoteInfo = "28-国旗选择";
		};
/* End PBXContainerItemProxy section */

/* Begin PBXFileReference section */
		7EF7BEE31D41FBFA00644C71 /* 28-国旗选择.app */ = {isa = PBXFileReference; explicitFileType = wrapper.application; includeInIndex = 0; path = "28-国旗选择.app"; sourceTree = BUILT_PRODUCTS_DIR; };
		7EF7BEE71D41FBFA00644C71 /* main.m */ = {isa = PBXFileReference; lastKnownFileType = sourcecode.c.objc; path = main.m; sourceTree = "<group>"; };
		7EF7BEE91D41FBFA00644C71 /* AppDelegate.h */ = {isa = PBXFileReference; lastKnownFileType = sourcecode.c.h; path = AppDelegate.h; sourceTree = "<group>"; };
		7EF7BEEA1D41FBFA00644C71 /* AppDelegate.m */ = {isa = PBXFileReference; lastKnownFileType = sourcecode.c.objc; path = AppDelegate.m; sourceTree = "<group>"; };
		7EF7BEEC1D41FBFA00644C71 /* ViewController.h */ = {isa = PBXFileReference; lastKnownFileType = sourcecode.c.h; path = ViewController.h; sourceTree = "<group>"; };
		7EF7BEED1D41FBFA00644C71 /* ViewController.m */ = {isa = PBXFileReference; lastKnownFileType = sourcecode.c.objc; path = ViewController.m; sourceTree = "<group>"; };
		7EF7BEF01D41FBFA00644C71 /* Base */ = {isa = PBXFileReference; lastKnownFileType = file.storyboard; name = Base; path = Base.lproj/Main.storyboard; sourceTree = "<group>"; };
		7EF7BEF21D41FBFA00644C71 /* Assets.xcassets */ = {isa = PBXFileReference; lastKnownFileType = folder.assetcatalog; path = Assets.xcassets; sourceTree = "<group>"; };
		7EF7BEF51D41FBFA00644C71 /* Base */ = {isa = PBXFileReference; lastKnownFileType = file.storyboard; name = Base; path = Base.lproj/LaunchScreen.storyboard; sourceTree = "<group>"; };
		7EF7BEF71D41FBFA00644C71 /* Info.plist */ = {isa = PBXFileReference; lastKnownFileType = text.plist.xml; path = Info.plist; sourceTree = "<group>"; };
		7EF7BEFC1D41FBFA00644C71 /* 28-国旗选择Tests.xctest */ = {isa = PBXFileReference; explicitFileType = wrapper.cfbundle; includeInIndex = 0; path = "28-国旗选择Tests.xctest"; sourceTree = BUILT_PRODUCTS_DIR; };
		7EF7BF001D41FBFA00644C71 /* _8_____Tests.m */ = {isa = PBXFileReference; lastKnownFileType = sourcecode.c.objc; path = "_8_____Tests.m"; sourceTree = "<group>"; };
		7EF7BF021D41FBFA00644C71 /* Info.plist */ = {isa = PBXFileReference; lastKnownFileType = text.plist.xml; path = Info.plist; sourceTree = "<group>"; };
		7EF7BF071D41FBFA00644C71 /* 28-国旗选择UITests.xctest */ = {isa = PBXFileReference; explicitFileType = wrapper.cfbundle; includeInIndex = 0; path = "28-国旗选择UITests.xctest"; sourceTree = BUILT_PRODUCTS_DIR; };
		7EF7BF0B1D41FBFA00644C71 /* _8_____UITests.m */ = {isa = PBXFileReference; lastKnownFileType = sourcecode.c.objc; path = "_8_____UITests.m"; sourceTree = "<group>"; };
		7EF7BF0D1D41FBFA00644C71 /* Info.plist */ = {isa = PBXFileReference; lastKnownFileType = text.plist.xml; path = Info.plist; sourceTree = "<group>"; };
		7EF7BF191D42075A00644C71 /* flags.plist */ = {isa = PBXFileReference; fileEncoding = 4; lastKnownFileType = text.plist.xml; path = flags.plist; sourceTree = "<group>"; };
		7EF7BF1B1D420B7700644C71 /* FlagModel.h */ = {isa = PBXFileReference; fileEncoding = 4; lastKnownFileType = sourcecode.c.h; path = FlagModel.h; sourceTree = "<group>"; };
		7EF7BF1C1D420B7700644C71 /* FlagModel.m */ = {isa = PBXFileReference; fileEncoding = 4; lastKnownFileType = sourcecode.c.objc; path = FlagModel.m; sourceTree = "<group>"; };
		7EF7BF1E1D42150100644C71 /* FlagView.xib */ = {isa = PBXFileReference; fileEncoding = 4; lastKnownFileType = file.xib; path = FlagView.xib; sourceTree = "<group>"; };
		7EF7BF201D42163200644C71 /* FlagView.h */ = {isa = PBXFileReference; fileEncoding = 4; lastKnownFileType = sourcecode.c.h; path = FlagView.h; sourceTree = "<group>"; };
		7EF7BF211D42163200644C71 /* FlagView.m */ = {isa = PBXFileReference; fileEncoding = 4; lastKnownFileType = sourcecode.c.objc; path = FlagView.m; sourceTree = "<group>"; };
/* End PBXFileReference section */

/* Begin PBXFrameworksBuildPhase section */
		7EF7BEE01D41FBFA00644C71 /* Frameworks */ = {
			isa = PBXFrameworksBuildPhase;
			buildActionMask = 2147483647;
			files = (
			);
			runOnlyForDeploymentPostprocessing = 0;
		};
		7EF7BEF91D41FBFA00644C71 /* Frameworks */ = {
			isa = PBXFrameworksBuildPhase;
			buildActionMask = 2147483647;
			files = (
			);
			runOnlyForDeploymentPostprocessing = 0;
		};
		7EF7BF041D41FBFA00644C71 /* Frameworks */ = {
			isa = PBXFrameworksBuildPhase;
			buildActionMask = 2147483647;
			files = (
			);
			runOnlyForDeploymentPostprocessing = 0;
		};
/* End PBXFrameworksBuildPhase section */

/* Begin PBXGroup section */
		7EF7BEDA1D41FBFA00644C71 = {
			isa = PBXGroup;
			children = (
				7EF7BEE51D41FBFA00644C71 /* 28-国旗选择 */,
				7EF7BEFF1D41FBFA00644C71 /* 28-国旗选择Tests */,
				7EF7BF0A1D41FBFA00644C71 /* 28-国旗选择UITests */,
				7EF7BEE41D41FBFA00644C71 /* Products */,
			);
			sourceTree = "<group>";
		};
		7EF7BEE41D41FBFA00644C71 /* Products */ = {
			isa = PBXGroup;
			children = (
				7EF7BEE31D41FBFA00644C71 /* 28-国旗选择.app */,
				7EF7BEFC1D41FBFA00644C71 /* 28-国旗选择Tests.xctest */,
				7EF7BF071D41FBFA00644C71 /* 28-国旗选择UITests.xctest */,
			);
			name = Products;
			sourceTree = "<group>";
		};
		7EF7BEE51D41FBFA00644C71 /* 28-国旗选择 */ = {
			isa = PBXGroup;
			children = (
				7EF7BF251D422B4D00644C71 /* Controller */,
				7EF7BF241D422B0D00644C71 /* View */,
				7EF7BF231D422A9100644C71 /* Model */,
				7EF7BEE91D41FBFA00644C71 /* AppDelegate.h */,
				7EF7BEEA1D41FBFA00644C71 /* AppDelegate.m */,
				7EF7BEF21D41FBFA00644C71 /* Assets.xcassets */,
				7EF7BEF71D41FBFA00644C71 /* Info.plist */,
				7EF7BEE61D41FBFA00644C71 /* Supporting Files */,
			);
			path = "28-国旗选择";
			sourceTree = "<group>";
		};
		7EF7BEE61D41FBFA00644C71 /* Supporting Files */ = {
			isa = PBXGroup;
			children = (
				7EF7BEE71D41FBFA00644C71 /* main.m */,
				7EF7BF191D42075A00644C71 /* flags.plist */,
			);
			name = "Supporting Files";
			sourceTree = "<group>";
		};
		7EF7BEFF1D41FBFA00644C71 /* 28-国旗选择Tests */ = {
			isa = PBXGroup;
			children = (
				7EF7BF001D41FBFA00644C71 /* _8_____Tests.m */,
				7EF7BF021D41FBFA00644C71 /* Info.plist */,
			);
			path = "28-国旗选择Tests";
			sourceTree = "<group>";
		};
		7EF7BF0A1D41FBFA00644C71 /* 28-国旗选择UITests */ = {
			isa = PBXGroup;
			children = (
				7EF7BF0B1D41FBFA00644C71 /* _8_____UITests.m */,
				7EF7BF0D1D41FBFA00644C71 /* Info.plist */,
			);
			path = "28-国旗选择UITests";
			sourceTree = "<group>";
		};
		7EF7BF231D422A9100644C71 /* Model */ = {
			isa = PBXGroup;
			children = (
				7EF7BF1B1D420B7700644C71 /* FlagModel.h */,
				7EF7BF1C1D420B7700644C71 /* FlagModel.m */,
			);
			name = Model;
			sourceTree = "<group>";
		};
		7EF7BF241D422B0D00644C71 /* View */ = {
			isa = PBXGroup;
			children = (
				7EF7BEEF1D41FBFA00644C71 /* Main.storyboard */,
				7EF7BEF41D41FBFA00644C71 /* LaunchScreen.storyboard */,
				7EF7BF1E1D42150100644C71 /* FlagView.xib */,
				7EF7BF201D42163200644C71 /* FlagView.h */,
				7EF7BF211D42163200644C71 /* FlagView.m */,
			);
			name = View;
			sourceTree = "<group>";
		};
		7EF7BF251D422B4D00644C71 /* Controller */ = {
			isa = PBXGroup;
			children = (
				7EF7BEEC1D41FBFA00644C71 /* ViewController.h */,
				7EF7BEED1D41FBFA00644C71 /* ViewController.m */,
			);
			name = Controller;
			sourceTree = "<group>";
		};
/* End PBXGroup section */

/* Begin PBXNativeTarget section */
		7EF7BEE21D41FBFA00644C71 /* 28-国旗选择 */ = {
			isa = PBXNativeTarget;
			buildConfigurationList = 7EF7BF101D41FBFA00644C71 /* Build configuration list for PBXNativeTarget "28-国旗选择" */;
			buildPhases = (
				7EF7BEDF1D41FBFA00644C71 /* Sources */,
				7EF7BEE01D41FBFA00644C71 /* Frameworks */,
				7EF7BEE11D41FBFA00644C71 /* Resources */,
			);
			buildRules = (
			);
			dependencies = (
			);
			name = "28-国旗选择";
			productName = "28-国旗选择";
			productReference = 7EF7BEE31D41FBFA00644C71 /* 28-国旗选择.app */;
			productType = "com.apple.product-type.application";
		};
		7EF7BEFB1D41FBFA00644C71 /* 28-国旗选择Tests */ = {
			isa = PBXNativeTarget;
			buildConfigurationList = 7EF7BF131D41FBFA00644C71 /* Build configuration list for PBXNativeTarget "28-国旗选择Tests" */;
			buildPhases = (
				7EF7BEF81D41FBFA00644C71 /* Sources */,
				7EF7BEF91D41FBFA00644C71 /* Frameworks */,
				7EF7BEFA1D41FBFA00644C71 /* Resources */,
			);
			buildRules = (
			);
			dependencies = (
				7EF7BEFE1D41FBFA00644C71 /* PBXTargetDependency */,
			);
			name = "28-国旗选择Tests";
			productName = "28-国旗选择Tests";
			productReference = 7EF7BEFC1D41FBFA00644C71 /* 28-国旗选择Tests.xctest */;
			productType = "com.apple.product-type.bundle.unit-test";
		};
		7EF7BF061D41FBFA00644C71 /* 28-国旗选择UITests */ = {
			isa = PBXNativeTarget;
			buildConfigurationList = 7EF7BF161D41FBFA00644C71 /* Build configuration list for PBXNativeTarget "28-国旗选择UITests" */;
			buildPhases = (
				7EF7BF031D41FBFA00644C71 /* Sources */,
				7EF7BF041D41FBFA00644C71 /* Frameworks */,
				7EF7BF051D41FBFA00644C71 /* Resources */,
			);
			buildRules = (
			);
			dependencies = (
				7EF7BF091D41FBFA00644C71 /* PBXTargetDependency */,
			);
			name = "28-国旗选择UITests";
			productName = "28-国旗选择UITests";
			productReference = 7EF7BF071D41FBFA00644C71 /* 28-国旗选择UITests.xctest */;
			productType = "com.apple.product-type.bundle.ui-testing";
		};
/* End PBXNativeTarget section */

/* Begin PBXProject section */
		7EF7BEDB1D41FBFA00644C71 /* Project object */ = {
			isa = PBXProject;
			attributes = {
				LastUpgradeCheck = 0730;
				ORGANIZATIONNAME = SDD;
				TargetAttributes = {
					7EF7BEE21D41FBFA00644C71 = {
						CreatedOnToolsVersion = 7.3.1;
					};
					7EF7BEFB1D41FBFA00644C71 = {
						CreatedOnToolsVersion = 7.3.1;
						TestTargetID = 7EF7BEE21D41FBFA00644C71;
					};
					7EF7BF061D41FBFA00644C71 = {
						CreatedOnToolsVersion = 7.3.1;
						TestTargetID = 7EF7BEE21D41FBFA00644C71;
					};
				};
			};
			buildConfigurationList = 7EF7BEDE1D41FBFA00644C71 /* Build configuration list for PBXProject "28-国旗选择" */;
			compatibilityVersion = "Xcode 3.2";
			developmentRegion = English;
			hasScannedForEncodings = 0;
			knownRegions = (
				en,
				Base,
			);
			mainGroup = 7EF7BEDA1D41FBFA00644C71;
			productRefGroup = 7EF7BEE41D41FBFA00644C71 /* Products */;
			projectDirPath = "";
			projectRoot = "";
			targets = (
				7EF7BEE21D41FBFA00644C71 /* 28-国旗选择 */,
				7EF7BEFB1D41FBFA00644C71 /* 28-国旗选择Tests */,
				7EF7BF061D41FBFA00644C71 /* 28-国旗选择UITests */,
			);
		};
/* End PBXProject section */

/* Begin PBXResourcesBuildPhase section */
		7EF7BEE11D41FBFA00644C71 /* Resources */ = {
			isa = PBXResourcesBuildPhase;
			buildActionMask = 2147483647;
			files = (
				7EF7BEF61D41FBFA00644C71 /* LaunchScreen.storyboard in Resources */,
				7EF7BEF31D41FBFA00644C71 /* Assets.xcassets in Resources */,
				7EF7BF1F1D42150100644C71 /* FlagView.xib in Resources */,
				7EF7BF1A1D42075A00644C71 /* flags.plist in Resources */,
				7EF7BEF11D41FBFA00644C71 /* Main.storyboard in Resources */,
			);
			runOnlyForDeploymentPostprocessing = 0;
		};
		7EF7BEFA1D41FBFA00644C71 /* Resources */ = {
			isa = PBXResourcesBuildPhase;
			buildActionMask = 2147483647;
			files = (
			);
			runOnlyForDeploymentPostprocessing = 0;
		};
		7EF7BF051D41FBFA00644C71 /* Resources */ = {
			isa = PBXResourcesBuildPhase;
			buildActionMask = 2147483647;
			files = (
			);
			runOnlyForDeploymentPostprocessing = 0;
		};
/* End PBXResourcesBuildPhase section */

/* Begin PBXSourcesBuildPhase section */
		7EF7BEDF1D41FBFA00644C71 /* Sources */ = {
			isa = PBXSourcesBuildPhase;
			buildActionMask = 2147483647;
			files = (
				7EF7BEEE1D41FBFA00644C71 /* ViewController.m in Sources */,
				7EF7BF1D1D420B7700644C71 /* FlagModel.m in Sources */,
				7EF7BF221D42163200644C71 /* FlagView.m in Sources */,
				7EF7BEEB1D41FBFA00644C71 /* AppDelegate.m in Sources */,
				7EF7BEE81D41FBFA00644C71 /* main.m in Sources */,
			);
			runOnlyForDeploymentPostprocessing = 0;
		};
		7EF7BEF81D41FBFA00644C71 /* Sources */ = {
			isa = PBXSourcesBuildPhase;
			buildActionMask = 2147483647;
			files = (
				7EF7BF011D41FBFA00644C71 /* _8_____Tests.m in Sources */,
			);
			runOnlyForDeploymentPostprocessing = 0;
		};
		7EF7BF031D41FBFA00644C71 /* Sources */ = {
			isa = PBXSourcesBuildPhase;
			buildActionMask = 2147483647;
			files = (
				7EF7BF0C1D41FBFA00644C71 /* _8_____UITests.m in Sources */,
			);
			runOnlyForDeploymentPostprocessing = 0;
		};
/* End PBXSourcesBuildPhase section */

/* Begin PBXTargetDependency section */
		7EF7BEFE1D41FBFA00644C71 /* PBXTargetDependency */ = {
			isa = PBXTargetDependency;
			target = 7EF7BEE21D41FBFA00644C71 /* 28-国旗选择 */;
			targetProxy = 7EF7BEFD1D41FBFA00644C71 /* PBXContainerItemProxy */;
		};
		7EF7BF091D41FBFA00644C71 /* PBXTargetDependency */ = {
			isa = PBXTargetDependency;
			target = 7EF7BEE21D41FBFA00644C71 /* 28-国旗选择 */;
			targetProxy = 7EF7BF081D41FBFA00644C71 /* PBXContainerItemProxy */;
		};
/* End PBXTargetDependency section */

/* Begin PBXVariantGroup section */
		7EF7BEEF1D41FBFA00644C71 /* Main.storyboard */ = {
			isa = PBXVariantGroup;
			children = (
				7EF7BEF01D41FBFA00644C71 /* Base */,
			);
			name = Main.storyboard;
			sourceTree = "<group>";
		};
		7EF7BEF41D41FBFA00644C71 /* LaunchScreen.storyboard */ = {
			isa = PBXVariantGroup;
			children = (
				7EF7BEF51D41FBFA00644C71 /* Base */,
			);
			name = LaunchScreen.storyboard;
			sourceTree = "<group>";
		};
/* End PBXVariantGroup section */

/* Begin XCBuildConfiguration section */
		7EF7BF0E1D41FBFA00644C71 /* Debug */ = {
			isa = XCBuildConfiguration;
			buildSettings = {
				ALWAYS_SEARCH_USER_PATHS = NO;
				CLANG_ANALYZER_NONNULL = YES;
				CLANG_CXX_LANGUAGE_STANDARD = "gnu++0x";
				CLANG_CXX_LIBRARY = "libc++";
				CLANG_ENABLE_MODULES = YES;
				CLANG_ENABLE_OBJC_ARC = YES;
				CLANG_WARN_BOOL_CONVERSION = YES;
				CLANG_WARN_CONSTANT_CONVERSION = YES;
				CLANG_WARN_DIRECT_OBJC_ISA_USAGE = YES_ERROR;
				CLANG_WARN_EMPTY_BODY = YES;
				CLANG_WARN_ENUM_CONVERSION = YES;
				CLANG_WARN_INT_CONVERSION = YES;
				CLANG_WARN_OBJC_ROOT_CLASS = YES_ERROR;
				CLANG_WARN_UNREACHABLE_CODE = YES;
				CLANG_WARN__DUPLICATE_METHOD_MATCH = YES;
				"CODE_SIGN_IDENTITY[sdk=iphoneos*]" = "iPhone Developer";
				COPY_PHASE_STRIP = NO;
				DEBUG_INFORMATION_FORMAT = dwarf;
				ENABLE_STRICT_OBJC_MSGSEND = YES;
				ENABLE_TESTABILITY = YES;
				GCC_C_LANGUAGE_STANDARD = gnu99;
				GCC_DYNAMIC_NO_PIC = NO;
				GCC_NO_COMMON_BLOCKS = YES;
				GCC_OPTIMIZATION_LEVEL = 0;
				GCC_PREPROCESSOR_DEFINITIONS = (
					"DEBUG=1",
					"$(inherited)",
				);
				GCC_WARN_64_TO_32_BIT_CONVERSION = YES;
				GCC_WARN_ABOUT_RETURN_TYPE = YES_ERROR;
				GCC_WARN_UNDECLARED_SELECTOR = YES;
				GCC_WARN_UNINITIALIZED_AUTOS = YES_AGGRESSIVE;
				GCC_WARN_UNUSED_FUNCTION = YES;
				GCC_WARN_UNUSED_VARIABLE = YES;
				IPHONEOS_DEPLOYMENT_TARGET = 9.3;
				MTL_ENABLE_DEBUG_INFO = YES;
				ONLY_ACTIVE_ARCH = YES;
				SDKROOT = iphoneos;
			};
			name = Debug;
		};
		7EF7BF0F1D41FBFA00644C71 /* Release */ = {
			isa = XCBuildConfiguration;
			buildSettings = {
				ALWAYS_SEARCH_USER_PATHS = NO;
				CLANG_ANALYZER_NONNULL = YES;
				CLANG_CXX_LANGUAGE_STANDARD = "gnu++0x";
				CLANG_CXX_LIBRARY = "libc++";
				CLANG_ENABLE_MODULES = YES;
				CLANG_ENABLE_OBJC_ARC = YES;
				CLANG_WARN_BOOL_CONVERSION = YES;
				CLANG_WARN_CONSTANT_CONVERSION = YES;
				CLANG_WARN_DIRECT_OBJC_ISA_USAGE = YES_ERROR;
				CLANG_WARN_EMPTY_BODY = YES;
				CLANG_WARN_ENUM_CONVERSION = YES;
				CLANG_WARN_INT_CONVERSION = YES;
				CLANG_WARN_OBJC_ROOT_CLASS = YES_ERROR;
				CLANG_WARN_UNREACHABLE_CODE = YES;
				CLANG_WARN__DUPLICATE_METHOD_MATCH = YES;
				"CODE_SIGN_IDENTITY[sdk=iphoneos*]" = "iPhone Developer";
				COPY_PHASE_STRIP = NO;
				DEBUG_INFORMATION_FORMAT = "dwarf-with-dsym";
				ENABLE_NS_ASSERTIONS = NO;
				ENABLE_STRICT_OBJC_MSGSEND = YES;
				GCC_C_LANGUAGE_STANDARD = gnu99;
				GCC_NO_COMMON_BLOCKS = YES;
				GCC_WARN_64_TO_32_BIT_CONVERSION = YES;
				GCC_WARN_ABOUT_RETURN_TYPE = YES_ERROR;
				GCC_WARN_UNDECLARED_SELECTOR = YES;
				GCC_WARN_UNINITIALIZED_AUTOS = YES_AGGRESSIVE;
				GCC_WARN_UNUSED_FUNCTION = YES;
				GCC_WARN_UNUSED_VARIABLE = YES;
				IPHONEOS_DEPLOYMENT_TARGET = 9.3;
				MTL_ENABLE_DEBUG_INFO = NO;
				SDKROOT = iphoneos;
				VALIDATE_PRODUCT = YES;
			};
			name = Release;
		};
		7EF7BF111D41FBFA00644C71 /* Debug */ = {
			isa = XCBuildConfiguration;
			buildSettings = {
				ASSETCATALOG_COMPILER_APPICON_NAME = AppIcon;
				INFOPLIST_FILE = "28-国旗选择/Info.plist";
				LD_RUNPATH_SEARCH_PATHS = "$(inherited) @executable_path/Frameworks";
				PRODUCT_BUNDLE_IDENTIFIER = "cn.sdd.-8-----";
				PRODUCT_NAME = "$(TARGET_NAME)";
			};
			name = Debug;
		};
		7EF7BF121D41FBFA00644C71 /* Release */ = {
			isa = XCBuildConfiguration;
			buildSettings = {
				ASSETCATALOG_COMPILER_APPICON_NAME = AppIcon;
				INFOPLIST_FILE = "28-国旗选择/Info.plist";
				LD_RUNPATH_SEARCH_PATHS = "$(inherited) @executable_path/Frameworks";
				PRODUCT_BUNDLE_IDENTIFIER = "cn.sdd.-8-----";
				PRODUCT_NAME = "$(TARGET_NAME)";
			};
			name = Release;
		};
		7EF7BF141D41FBFA00644C71 /* Debug */ = {
			isa = XCBuildConfiguration;
			buildSettings = {
				BUNDLE_LOADER = "$(TEST_HOST)";
				INFOPLIST_FILE = "28-国旗选择Tests/Info.plist";
				LD_RUNPATH_SEARCH_PATHS = "$(inherited) @executable_path/Frameworks @loader_path/Frameworks";
				PRODUCT_BUNDLE_IDENTIFIER = "cn.sdd.-8-----Tests";
				PRODUCT_NAME = "$(TARGET_NAME)";
				TEST_HOST = "$(BUILT_PRODUCTS_DIR)/28-国旗选择.app/28-国旗选择";
			};
			name = Debug;
		};
		7EF7BF151D41FBFA00644C71 /* Release */ = {
			isa = XCBuildConfiguration;
			buildSettings = {
				BUNDLE_LOADER = "$(TEST_HOST)";
				INFOPLIST_FILE = "28-国旗选择Tests/Info.plist";
				LD_RUNPATH_SEARCH_PATHS = "$(inherited) @executable_path/Frameworks @loader_path/Frameworks";
				PRODUCT_BUNDLE_IDENTIFIER = "cn.sdd.-8-----Tests";
				PRODUCT_NAME = "$(TARGET_NAME)";
				TEST_HOST = "$(BUILT_PRODUCTS_DIR)/28-国旗选择.app/28-国旗选择";
			};
			name = Release;
		};
		7EF7BF171D41FBFA00644C71 /* Debug */ = {
			isa = XCBuildConfiguration;
			buildSettings = {
				INFOPLIST_FILE = "28-国旗选择UITests/Info.plist";
				LD_RUNPATH_SEARCH_PATHS = "$(inherited) @executable_path/Frameworks @loader_path/Frameworks";
				PRODUCT_BUNDLE_IDENTIFIER = "cn.sdd.-8-----UITests";
				PRODUCT_NAME = "$(TARGET_NAME)";
				TEST_TARGET_NAME = "28-国旗选择";
			};
			name = Debug;
		};
		7EF7BF181D41FBFA00644C71 /* Release */ = {
			isa = XCBuildConfiguration;
			buildSettings = {
				INFOPLIST_FILE = "28-国旗选择UITests/Info.plist";
				LD_RUNPATH_SEARCH_PATHS = "$(inherited) @executable_path/Frameworks @loader_path/Frameworks";
				PRODUCT_BUNDLE_IDENTIFIER = "cn.sdd.-8-----UITests";
				PRODUCT_NAME = "$(TARGET_NAME)";
				TEST_TARGET_NAME = "28-国旗选择";
			};
			name = Release;
		};
/* End XCBuildConfiguration section */

/* Begin XCConfigurationList section */
		7EF7BEDE1D41FBFA00644C71 /* Build configuration list for PBXProject "28-国旗选择" */ = {
			isa = XCConfigurationList;
			buildConfigurations = (
				7EF7BF0E1D41FBFA00644C71 /* Debug */,
				7EF7BF0F1D41FBFA00644C71 /* Release */,
			);
			defaultConfigurationIsVisible = 0;
			defaultConfigurationName = Release;
		};
		7EF7BF101D41FBFA00644C71 /* Build configuration list for PBXNativeTarget "28-国旗选择" */ = {
			isa = XCConfigurationList;
			buildConfigurations = (
				7EF7BF111D41FBFA00644C71 /* Debug */,
				7EF7BF121D41FBFA00644C71 /* Release */,
			);
			defaultConfigurationIsVisible = 0;
		};
		7EF7BF131D41FBFA00644C71 /* Build configuration list for PBXNativeTarget "28-国旗选择Tests" */ = {
			isa = XCConfigurationList;
			buildConfigurations = (
				7EF7BF141D41FBFA00644C71 /* Debug */,
				7EF7BF151D41FBFA00644C71 /* Release */,
			);
			defaultConfigurationIsVisible = 0;
		};
		7EF7BF161D41FBFA00644C71 /* Build configuration list for PBXNativeTarget "28-国旗选择UITests" */ = {
			isa = XCConfigurationList;
			buildConfigurations = (
				7EF7BF171D41FBFA00644C71 /* Debug */,
				7EF7BF181D41FBFA00644C71 /* Release */,
			);
			defaultConfigurationIsVisible = 0;
		};
/* End XCConfigurationList section */
	};
	rootObject = 7EF7BEDB1D41FBFA00644C71 /* Project object */;
}
